
Microsoft Visual Studio Solution File, Format Version 12.00
# Visual Studio Version 17
VisualStudioVersion = 17.14.36518.9
MinimumVisualStudioVersion = 10.0.40219.1
Project("{FAE04EC0-301F-11D3-BF4B-00C04F79EFBC}") = "Tests", "Tests\Tests.csproj", "{4FAAE854-E197-4831-BEB4-850C720364DB}"
EndProject
Global
	GlobalSection(SolutionConfigurationPlatforms) = preSolution
		Angular_Headless|Any CPU = Angular_Headless|Any CPU
		Angular|Any CPU = Angular|Any CPU
		React_Headless|Any CPU = React_Headless|Any CPU
		React|Any CPU = React|Any CPU
	EndGlobalSection
	GlobalSection(ProjectConfigurationPlatforms) = postSolution
		{4FAAE854-E197-4831-BEB4-850C720364DB}.Angular_Headless|Any CPU.ActiveCfg = Angular_Headless|Any CPU
		{4FAAE854-E197-4831-BEB4-850C720364DB}.Angular_Headless|Any CPU.Build.0 = Angular_Headless|Any CPU
		{4FAAE854-E197-4831-BEB4-850C720364DB}.Angular|Any CPU.ActiveCfg = Angular|Any CPU
		{4FAAE854-E197-4831-BEB4-850C720364DB}.Angular|Any CPU.Build.0 = Angular|Any CPU
		{4FAAE854-E197-4831-BEB4-850C720364DB}.React_Headless|Any CPU.ActiveCfg = React_Headless|Any CPU
		{4FAAE854-E197-4831-BEB4-850C720364DB}.React_Headless|Any CPU.Build.0 = React_Headless|Any CPU
		{4FAAE854-E197-4831-BEB4-850C720364DB}.React|Any CPU.ActiveCfg = React|Any CPU
		{4FAAE854-E197-4831-BEB4-850C720364DB}.React|Any CPU.Build.0 = React|Any CPU
	EndGlobalSection
	GlobalSection(SolutionProperties) = preSolution
		HideSolutionNode = FALSE
	EndGlobalSection
	GlobalSection(ExtensibilityGlobals) = postSolution
		SolutionGuid = {6871F560-B409-441F-89CB-42851E5A91E6}
	EndGlobalSection
EndGlobal
